
Microsoft Visual Studio Solution File, Format Version 12.00
Project("{FAE04EC0-301F-11D3-BF4B-00C04F79EFBC}") = "SearchingShakespeareForms", "SearchingShakespeareForms\SearchingShakespeareForms.csproj", "{4267EFA1-548C-406B-9697-EF59561F9A36}"
EndProject
Global
	GlobalSection(SolutionConfigurationPlatforms) = preSolution
		Debug|Any CPU = Debug|Any CPU
		Release|Any CPU = Release|Any CPU
	EndGlobalSection
	GlobalSection(ProjectConfigurationPlatforms) = postSolution
		{4267EFA1-548C-406B-9697-EF59561F9A36}.Debug|Any CPU.ActiveCfg = Debug|Any CPU
		{4267EFA1-548C-406B-9697-EF59561F9A36}.Debug|Any CPU.Build.0 = Debug|Any CPU
		{4267EFA1-548C-406B-9697-EF59561F9A36}.Release|Any CPU.ActiveCfg = Release|Any CPU
		{4267EFA1-548C-406B-9697-EF59561F9A36}.Release|Any CPU.Build.0 = Release|Any CPU
	EndGlobalSection
EndGlobal
